
Microsoft Visual Studio Solution File, Format Version 12.00
# Visual Studio Version 17
VisualStudioVersion = 17.4.33213.308
MinimumVisualStudioVersion = 10.0.40219.1
Project("{9A19103F-16F7-4668-BE54-9A1E7A4F7556}") = "DynamicTables", "DynamicTables\DynamicTables.csproj", "{BDB128C7-A5A5-480B-AF10-B63365E43D76}"
EndProject
Project("{9A19103F-16F7-4668-BE54-9A1E7A4F7556}") = "DapperService", "DapperService\DapperService.csproj", "{871969F0-D7A1-41CC-A369-C9F217EC1283}"
EndProject
Project("{9A19103F-16F7-4668-BE54-9A1E7A4F7556}") = "EntityService", "EntityService\EntityService.csproj", "{C7F2AF42-0C7C-4D04-A693-4BD409A27997}"
EndProject
Global
	GlobalSection(SolutionConfigurationPlatforms) = preSolution
		Debug|Any CPU = Debug|Any CPU
		Release|Any CPU = Release|Any CPU
	EndGlobalSection
	GlobalSection(ProjectConfigurationPlatforms) = postSolution
		{BDB128C7-A5A5-480B-AF10-B63365E43D76}.Debug|Any CPU.ActiveCfg = Debug|Any CPU
		{BDB128C7-A5A5-480B-AF10-B63365E43D76}.Debug|Any CPU.Build.0 = Debug|Any CPU
		{BDB128C7-A5A5-480B-AF10-B63365E43D76}.Release|Any CPU.ActiveCfg = Release|Any CPU
		{BDB128C7-A5A5-480B-AF10-B63365E43D76}.Release|Any CPU.Build.0 = Release|Any CPU
		{871969F0-D7A1-41CC-A369-C9F217EC1283}.Debug|Any CPU.ActiveCfg = Debug|Any CPU
		{871969F0-D7A1-41CC-A369-C9F217EC1283}.Debug|Any CPU.Build.0 = Debug|Any CPU
		{871969F0-D7A1-41CC-A369-C9F217EC1283}.Release|Any CPU.ActiveCfg = Release|Any CPU
		{871969F0-D7A1-41CC-A369-C9F217EC1283}.Release|Any CPU.Build.0 = Release|Any CPU
		{C7F2AF42-0C7C-4D04-A693-4BD409A27997}.Debug|Any CPU.ActiveCfg = Debug|Any CPU
		{C7F2AF42-0C7C-4D04-A693-4BD409A27997}.Debug|Any CPU.Build.0 = Debug|Any CPU
		{C7F2AF42-0C7C-4D04-A693-4BD409A27997}.Release|Any CPU.ActiveCfg = Release|Any CPU
		{C7F2AF42-0C7C-4D04-A693-4BD409A27997}.Release|Any CPU.Build.0 = Release|Any CPU
	EndGlobalSection
	GlobalSection(SolutionProperties) = preSolution
		HideSolutionNode = FALSE
	EndGlobalSection
	GlobalSection(ExtensibilityGlobals) = postSolution
		SolutionGuid = {557C9CA9-8EB8-4552-94BA-365D2832424C}
	EndGlobalSection
EndGlobal
